
Microsoft Visual Studio Solution File, Format Version 12.00
# Visual Studio Version 17
VisualStudioVersion = 17.13.35931.197
MinimumVisualStudioVersion = 10.0.40219.1
Project("{FAE04EC0-301F-11D3-BF4B-00C04F79EFBC}") = "Clock", "Clock\Clock.csproj", "{1F2E6E4D-C612-40CC-9701-DFF118B4CFDD}"
EndProject
Project("{54435603-DBB4-11D2-8724-00A0C9A8B90C}") = "ClockSetup", "ClockSetup\ClockSetup.vdproj", "{3463BC7A-BE01-AE0C-1945-5E13E2087DD9}"
EndProject
Global
	GlobalSection(SolutionConfigurationPlatforms) = preSolution
		Debug|Any CPU = Debug|Any CPU
		Release|Any CPU = Release|Any CPU
	EndGlobalSection
	GlobalSection(ProjectConfigurationPlatforms) = postSolution
		{1F2E6E4D-C612-40CC-9701-DFF118B4CFDD}.Debug|Any CPU.ActiveCfg = Debug|Any CPU
		{1F2E6E4D-C612-40CC-9701-DFF118B4CFDD}.Debug|Any CPU.Build.0 = Debug|Any CPU
		{1F2E6E4D-C612-40CC-9701-DFF118B4CFDD}.Release|Any CPU.ActiveCfg = Release|Any CPU
		{1F2E6E4D-C612-40CC-9701-DFF118B4CFDD}.Release|Any CPU.Build.0 = Release|Any CPU
		{3463BC7A-BE01-AE0C-1945-5E13E2087DD9}.Debug|Any CPU.ActiveCfg = Debug
		{3463BC7A-BE01-AE0C-1945-5E13E2087DD9}.Release|Any CPU.ActiveCfg = Release
	EndGlobalSection
	GlobalSection(SolutionProperties) = preSolution
		HideSolutionNode = FALSE
	EndGlobalSection
	GlobalSection(ExtensibilityGlobals) = postSolution
		SolutionGuid = {1D85ACCE-ADF7-4CD0-88AD-36EDE7D902A4}
	EndGlobalSection
EndGlobal
